<?xml version="1.0" encoding="UTF-8" standalone="yes" ?>
<CodeBlocks_project_file>
	<FileVersion major="1" minor="6" />
	<Project>
		<Option title="gmac" />
		<Option pch_mode="2" />
		<Option compiler="gcc" />
		<Build>
			<Target title="Debug">
				<Option output="bin/Debug/gmac" prefix_auto="1" extension_auto="1" />
				<Option object_output="obj/Debug/" />
				<Option type="1" />
				<Option compiler="gcc" />
				<Compiler>
					<Add option="-g" />
				</Compiler>
				<Linker>
					<Add library="../common/lib/Debug/libcommon.a" />
				</Linker>
			</Target>
			<Target title="Release">
				<Option output="bin/Release/gmac" prefix_auto="1" extension_auto="1" />
				<Option object_output="obj/Release/" />
				<Option type="1" />
				<Option compiler="gcc" />
				<Compiler>
					<Add option="-O2" />
				</Compiler>
				<Linker>
					<Add option="-s" />
					<Add library="../common/lib/Release/libcommon.a" />
				</Linker>
			</Target>
		</Build>
		<Compiler>
			<Add option="-Wall" />
			<Add directory="../../src/common" />
			<Add directory="../../" />
		</Compiler>
		<Unit filename="../../src/gmac/gmac.c">
			<Option compilerVar="CC" />
		</Unit>
		<Unit filename="../../src/gmac/gmac.h" />
		<Unit filename="../../src/gmac/grammar.c">
			<Option compilerVar="CC" />
		</Unit>
		<Unit filename="../../src/gmac/grammar.h" />
		<Unit filename="../../src/gmac/luthor.c">
			<Option compilerVar="CC" />
		</Unit>
		<Unit filename="../../src/gmac/parser.c">
			<Option compilerVar="CC" />
		</Unit>
		<Unit filename="../../src/gmac/parser.h" />
		<Extensions>
			<code_completion />
			<envvars />
			<debugger />
			<lib_finder disable_auto="1" />
		</Extensions>
	</Project>
</CodeBlocks_project_file>
